
Microsoft Visual Studio Solution File, Format Version 12.00
# Visual Studio Version 17
VisualStudioVersion = 17.5.33516.290
MinimumVisualStudioVersion = 10.0.40219.1
Project("{FAE04EC0-301F-11D3-BF4B-00C04F79EFBC}") = "FInestraProve", "FInestraProve.csproj", "{976405E7-34C0-430B-B420-C301B690FAB3}"
EndProject
Global
	GlobalSection(SolutionConfigurationPlatforms) = preSolution
		Debug|Any CPU = Debug|Any CPU
		Release|Any CPU = Release|Any CPU
	EndGlobalSection
	GlobalSection(ProjectConfigurationPlatforms) = postSolution
		{976405E7-34C0-430B-B420-C301B690FAB3}.Debug|Any CPU.ActiveCfg = Debug|Any CPU
		{976405E7-34C0-430B-B420-C301B690FAB3}.Debug|Any CPU.Build.0 = Debug|Any CPU
		{976405E7-34C0-430B-B420-C301B690FAB3}.Release|Any CPU.ActiveCfg = Release|Any CPU
		{976405E7-34C0-430B-B420-C301B690FAB3}.Release|Any CPU.Build.0 = Release|Any CPU
	EndGlobalSection
	GlobalSection(SolutionProperties) = preSolution
		HideSolutionNode = FALSE
	EndGlobalSection
	GlobalSection(ExtensibilityGlobals) = postSolution
		SolutionGuid = {5ACBAA69-DBDE-4A43-AA14-1A5460D33164}
	EndGlobalSection
EndGlobal
